
Microsoft Visual Studio Solution File, Format Version 12.00
# Visual Studio 15
VisualStudioVersion = 15.0.27428.2011
MinimumVisualStudioVersion = 10.0.40219.1
Project("{FAE04EC0-301F-11D3-BF4B-00C04F79EFBC}") = "DriveScanner", "DriveScanner\DriveScanner.csproj", "{72E85498-8928-4906-8EAF-349FE61B2C2B}"
EndProject
Global
	GlobalSection(SolutionConfigurationPlatforms) = preSolution
		Debug|Any CPU = Debug|Any CPU
		Release|Any CPU = Release|Any CPU
	EndGlobalSection
	GlobalSection(ProjectConfigurationPlatforms) = postSolution
		{72E85498-8928-4906-8EAF-349FE61B2C2B}.Debug|Any CPU.ActiveCfg = Debug|Any CPU
		{72E85498-8928-4906-8EAF-349FE61B2C2B}.Debug|Any CPU.Build.0 = Debug|Any CPU
		{72E85498-8928-4906-8EAF-349FE61B2C2B}.Release|Any CPU.ActiveCfg = Release|Any CPU
		{72E85498-8928-4906-8EAF-349FE61B2C2B}.Release|Any CPU.Build.0 = Release|Any CPU
	EndGlobalSection
	GlobalSection(SolutionProperties) = preSolution
		HideSolutionNode = FALSE
	EndGlobalSection
	GlobalSection(ExtensibilityGlobals) = postSolution
		SolutionGuid = {CAD57340-E420-4154-A02B-5496F70CF3B7}
	EndGlobalSection
EndGlobal
